
Microsoft Visual Studio Solution File, Format Version 12.00
# Visual Studio Version 17
VisualStudioVersion = 17.5.33530.505
MinimumVisualStudioVersion = 10.0.40219.1
Project("{FAE04EC0-301F-11D3-BF4B-00C04F79EFBC}") = "EF_Baza_PraktykiStudenckie", "EF_Baza_PraktykiStudenckie.csproj", "{1F867E84-D51C-4B07-BFEB-7504DA0E7103}"
EndProject
Global
	GlobalSection(SolutionConfigurationPlatforms) = preSolution
		Debug|Any CPU = Debug|Any CPU
		Release|Any CPU = Release|Any CPU
	EndGlobalSection
	GlobalSection(ProjectConfigurationPlatforms) = postSolution
		{1F867E84-D51C-4B07-BFEB-7504DA0E7103}.Debug|Any CPU.ActiveCfg = Debug|Any CPU
		{1F867E84-D51C-4B07-BFEB-7504DA0E7103}.Debug|Any CPU.Build.0 = Debug|Any CPU
		{1F867E84-D51C-4B07-BFEB-7504DA0E7103}.Release|Any CPU.ActiveCfg = Release|Any CPU
		{1F867E84-D51C-4B07-BFEB-7504DA0E7103}.Release|Any CPU.Build.0 = Release|Any CPU
	EndGlobalSection
	GlobalSection(SolutionProperties) = preSolution
		HideSolutionNode = FALSE
	EndGlobalSection
	GlobalSection(ExtensibilityGlobals) = postSolution
		SolutionGuid = {885FC19B-AA94-4F29-8B5E-BFAC44CA90F5}
	EndGlobalSection
EndGlobal
